hash: 5c488630d1d32687b7a3c3b22c47ceaf7eb3cffb764799706728a6accbcd3ff5
updated: 2016-04-04T13:02:20.098184491+02:00
imports:
- name: github.com/cenkalti/rpc2
  version: 2d1be381ce47537e9e076b2b76dc70933162e4e9
- name: github.com/cgrates/fsock
  version: a8ffdbdfc8440016df008ba91e6f05f806d7a69f
- name: github.com/cgrates/kamevapi
  version: a376b1f937ba959857929fa3e111c0f3243278c0
- name: github.com/cgrates/osipsdagram
  version: 3d6beed663452471dec3ca194137a30d379d9e8f
- name: github.com/cgrates/rpcclient
  version: 79661b1e514823a9ac93b2b9e97e037ee190ba47
- name: github.com/DisposaBoy/JsonConfigReader
  version: 33a99fdf1d5ee1f79b5077e9c06f955ad356d5f4
- name: github.com/fiorix/go-diameter
  version: 1a8912836dee1f666f882b2e388e340a3a10ecdd
  subpackages:
  - diam
  - diam/avp
  - diam/datatype
  - diam/dict
  - diam/sm
- name: github.com/go-sql-driver/mysql
  version: 0f2db9e6c9cff80a97ca5c2c5096242cc1554e16
- name: github.com/gorhill/cronexpr
  version: a557574d6c024ed6e36acc8b610f5f211c91568a
- name: github.com/jinzhu/gorm
  version: 2530dcbccd9c9ff7ce5a903e01bbf8601b726112
- name: github.com/kr/pty
  version: f7ee69f31298ecbe5d2b349c711e2547a617d398
- name: github.com/lib/pq
  version: 165a3529e799da61ab10faed1fabff3662d6193f
- name: github.com/mediocregopher/radix.v2
  version: 7bdaf7c45ec452ca691ab20535471e24460f0876
  subpackages:
  - pool
  - redis
- name: github.com/peterh/liner
  version: ad1edfd30321d8f006ccf05f1e0524adeb943060
- name: github.com/ugorji/go
  version: 187fa0f8af224437e08ecb3f208c4d1a94859a61
  subpackages:
  - codec
- name: golang.org/x/net
  version: a4bbce9fcae005b22ae5443f6af064d80a6f5a55
  subpackages:
  - websocket
- name: gopkg.in/fsnotify.v1
  version: 875cf421b32f8f1b31bd43776297876d01542279
- name: gopkg.in/mgo.v2
  version: d90005c5262a3463800497ea5a89aed5fe22c886
  subpackages:
  - bson
devImports: []
