# This file is autogenerated, do not edit; changes may be undone by the next 'dep ensure'.


[[projects]]
  branch = "master"
  digest = "1:5a1389bdbd1130cce1418d1f10043379b579f54a01bb5c65df75dd2a65af879d"
  name = "github.com/DisposaBoy/JsonConfigReader"
  packages = ["."]
  pruneopts = "UT"
  revision = "5ea4d0ddac554439159cd6f191cb94a110d73352"

[[projects]]
  branch = "master"
  digest = "1:291beb8f57fbad1919bb8d1187c905898975aa3f36032fa6da8087d9ff92d907"
  name = "github.com/antchfx/xmlquery"
  packages = ["."]
  pruneopts = "UT"
  revision = "07935b1c0f2e6f0efa02c98cd70e223d70218955"

[[projects]]
  branch = "master"
  digest = "1:607794e3030e79527e11cba224fb6db52d53c602d57879d8771c19c0e256a59d"
  name = "github.com/antchfx/xpath"
  packages = ["."]
  pruneopts = "UT"
  revision = "3de91f3991a1af6e495d49c9218318b5544b20e3"

[[projects]]
  branch = "master"
  digest = "1:be19aca2607a4fa38609e919bcbe01938dc835cd346cf354b7d18f5136c62371"
  name = "github.com/cenkalti/hub"
  packages = ["."]
  pruneopts = "UT"
  revision = "11382a9960d39b0ecda16fd01c424c11ff765a34"

[[projects]]
  branch = "master"
  digest = "1:c3d15fa14e154b9804706d5c92f9b61ec96c5e5d60ebaf491aa2333276a63797"
  name = "github.com/cenkalti/rpc2"
  packages = [
    ".",
    "jsonrpc",
  ]
  pruneopts = "UT"
  revision = "9642ea02d0aad04b8efb5e1a6bbc63daf8d0903d"

[[projects]]
  digest = "1:485948a410969ba03bed483e21234a1d33132f6b7f91ead173af4060e7879c80"
  name = "github.com/cgrates/aringo"
  packages = ["."]
  pruneopts = "UT"
  revision = "47cdb110c5ff42bddf2b801dc5ae8ceb15d2d602"

[[projects]]
  branch = "master"
  digest = "1:62d8ab920403ef32524e67160ecf5be596a9b8ddb236c5174ee75d70b2d6e092"
  name = "github.com/cgrates/cgrates"
  packages = [
    "agents",
    "apier/v1",
    "apier/v2",
    "cdrc",
    "config",
    "console",
    "dispatcher",
    "engine",
    "guardian",
    "loaders",
    "migrator",
    "scheduler",
    "servmanager",
    "sessions",
    "structmatcher",
    "utils",
  ]
  pruneopts = "UT"
  revision = "be3b022f61d66b1939432021f4aa8f1b2f62aff3"

[[projects]]
  branch = "master"
  digest = "1:56d67f545a1bf4623dd0aac7c347b9e85fb4900a2d98c467ca7ad2d5aef4836b"
  name = "github.com/cgrates/fsock"
  packages = ["."]
  pruneopts = "UT"
  revision = "bcbd5e75c07dddb12ac86f1f861f2bdddc1d4596"

[[projects]]
  branch = "master"
  digest = "1:96d92ccd2a7f203066d4e3ba5a120c1d03c2a0065cd10f97adf3e05a83075833"
  name = "github.com/cgrates/kamevapi"
  packages = ["."]
  pruneopts = "UT"
  revision = "0e0d0379606fd8f12b53c6da6aeb28544f7bfa37"

[[projects]]
  branch = "master"
  digest = "1:04af98c6dd7f654de71a65bc79e5f551f60243868e93b387bc8dce3892d48a73"
  name = "github.com/cgrates/ltcache"
  packages = ["."]
  pruneopts = "UT"
  revision = "92fb7fa77cca400b55d805e4a6d625443027c7f5"

[[projects]]
  branch = "master"
  digest = "1:a359c9aa1aa8b635cc635ec4f55171a82d5cf1d9de65a780de33ed71d9854448"
  name = "github.com/cgrates/mgo"
  packages = [
    ".",
    "bson",
    "internal/json",
    "internal/sasl",
    "internal/scram",
  ]
  pruneopts = "UT"
  revision = "04b6cd516663d1f91d8f914e66ae743d3ab1685c"

[[projects]]
  digest = "1:ae0f8d87135aafcb85b096d9433145315403d50cc22322b199169f10be0336df"
  name = "github.com/cgrates/radigo"
  packages = [
    ".",
    "codecs",
  ]
  pruneopts = "UT"
  revision = "69d4269e21990c0f120b8e60d5b75d533db7f3dd"

[[projects]]
  branch = "master"
  digest = "1:1ce7b7ddbb48a1b75707ebfc5ed464310177f0218df2c7339c382116e64853fd"
  name = "github.com/cgrates/rpcclient"
  packages = ["."]
  pruneopts = "UT"
  revision = "54aff3c8e75a2342f0618dfc1c44f0660cd69bde"

[[projects]]
  digest = "1:bdd1740ac3e8e308242aaf552386a638f2a39be84e28db3840d7ec1623c93188"
  name = "github.com/fiorix/go-diameter"
  packages = [
    "diam",
    "diam/avp",
    "diam/datatype",
    "diam/dict",
    "diam/sm",
    "diam/sm/smparser",
    "diam/sm/smpeer",
  ]
  pruneopts = "UT"
  revision = "16028e641c19a8dd67509053bc558d389258ff6d"

[[projects]]
  branch = "master"
  digest = "1:b9414457752702c53f6afd3838da3d89b9513ada40cdbe9603bdf54b1ceb5014"
  name = "github.com/fsnotify/fsnotify"
  packages = ["."]
  pruneopts = "UT"
  revision = "ccc981bf80385c528a65fbfdd49bf2d8da22aa23"

[[projects]]
  digest = "1:70a20b8adf085489a342d033b68b7fc27f4017c51e015b857387249493ee0561"
  name = "github.com/go-sql-driver/mysql"
  packages = ["."]
  pruneopts = "UT"
  revision = "99ff426eb706cffe92ff3d058e168b278cabf7c7"

[[projects]]
  branch = "master"
  digest = "1:33f21f94e291923ee3fde2c421a7da590cfe5eb7ed5d691f607dfb56e5515b68"
  name = "github.com/gorhill/cronexpr"
  packages = ["."]
  pruneopts = "UT"
  revision = "88b0669f7d75f171bd612b874e52b95c190218df"

[[projects]]
  branch = "master"
  digest = "1:d8ebc54b5e757c1dfe1dd386f58b0d7b60726a885638a33eb0d6808955449a42"
  name = "github.com/ishidawataru/sctp"
  packages = ["."]
  pruneopts = "UT"
  revision = "6e2cb1366111dcf547c13531e3a263a067715847"

[[projects]]
  digest = "1:6e0795ef8ced1da421e572b83aec6bf24cabf9c51d5c8e0f00e183895f9f48e5"
  name = "github.com/jinzhu/gorm"
  packages = ["."]
  pruneopts = "UT"
  revision = "5be9bd34135805e0332b993378864b159784d8a8"

[[projects]]
  digest = "1:2cf1e05311b662e68d938f6655c6c5a44ae0e6b3995e390c75fcd8224afa48df"
  name = "github.com/jinzhu/inflection"
  packages = ["."]
  pruneopts = "UT"
  revision = "1c35d901db3da928c72a72d8458480cc9ade058f"

[[projects]]
  digest = "1:29d28429a93b076908a36420a7ecb2bf429d24c15a4b5e2c220ea00fc84b71af"
  name = "github.com/kr/pty"
  packages = ["."]
  pruneopts = "UT"
  revision = "db8e3cd836b82e82e0a9c8edc6896967dd31374f"
  version = "v1.1.3"

[[projects]]
  digest = "1:8ef506fc2bb9ced9b151dafa592d4046063d744c646c1bbe801982ce87e4bc24"
  name = "github.com/lib/pq"
  packages = [
    ".",
    "oid",
  ]
  pruneopts = "UT"
  revision = "4ded0e9383f75c197b3a2aaa6d590ac52df6fd79"
  version = "v1.0.0"

[[projects]]
  digest = "1:cdb899c199f907ac9fb50495ec71212c95cb5b0e0a8ee0800da0238036091033"
  name = "github.com/mattn/go-runewidth"
  packages = ["."]
  pruneopts = "UT"
  revision = "ce7b0b5c7b45a81508558cd1dba6bb1e4ddb51bb"
  version = "v0.0.3"

[[projects]]
  branch = "master"
  digest = "1:73172377dc00a09841691ebb1eae40adf40ee4e87880aca35084c3acd17bc1d5"
  name = "github.com/mediocregopher/radix.v2"
  packages = [
    "pool",
    "pubsub",
    "redis",
    "sentinel",
  ]
  pruneopts = "UT"
  revision = "94360be262532d465b7e4760c7a67195d3319a87"

[[projects]]
  digest = "1:645110e089152bd0f4a011a2648fbb0e4df5977be73ca605781157ac297f50c4"
  name = "github.com/mitchellh/mapstructure"
  packages = ["."]
  pruneopts = "UT"
  revision = "fa473d140ef3c6adf42d6b391fe76707f1f243c8"
  version = "v1.0.0"

[[projects]]
  digest = "1:3adb9a64324d242301833d0b8b3bb51b4f31f928d5a05224256121dc5b8895c7"
  name = "github.com/peterh/liner"
  packages = ["."]
  pruneopts = "UT"
  revision = "5a0dfa99e2aa1d433a9642e863da51402e609376"
  version = "v1.1.0"

[[projects]]
  branch = "master"
  digest = "1:0c088044c1c1ee83e723692442df4fec9b3f2e57f7a99773485c97adfbc31695"
  name = "github.com/streadway/amqp"
  packages = ["."]
  pruneopts = "UT"
  revision = "70e15c650864f4fc47f5d3c82ea117285480895d"

[[projects]]
  digest = "1:e3b38500ecd5511e30cc343850d0b8af5b10369e29e24f55fcf89ad48ae24374"
  name = "github.com/ugorji/go"
  packages = ["codec"]
  pruneopts = "UT"
  revision = "5a66da2e74afec77056667aacd61e97b6ea8f661"

[[projects]]
  digest = "1:76481233cd6b39aa95f0df720237088b1daaedeefcf0ec030bde5b6545b79565"
  name = "golang.org/x/net"
  packages = [
    "context",
    "html",
    "html/atom",
    "html/charset",
    "websocket",
  ]
  pruneopts = "UT"
  revision = "26e67e76b6c3f6ce91f7c52def5af501b4e0f3a2"

[[projects]]
  digest = "1:e16c53d2592b2ba64d1a6da684a952bdff8815ed8b901b220fe875864b664643"
  name = "golang.org/x/sys"
  packages = ["unix"]
  pruneopts = "UT"
  revision = "a646d33e2ee3172a661fc09bca23bb4889a41bc8"

[[projects]]
  digest = "1:8751e9499e29eea853e55fefb25593ca2ee9ed3a110bb656c4938faa45a5683c"
  name = "golang.org/x/text"
  packages = [
    "encoding",
    "encoding/charmap",
    "encoding/htmlindex",
    "encoding/internal",
    "encoding/internal/identifier",
    "encoding/japanese",
    "encoding/korean",
    "encoding/simplifiedchinese",
    "encoding/traditionalchinese",
    "encoding/unicode",
    "internal/gen",
    "internal/tag",
    "internal/utf8internal",
    "language",
    "runes",
    "transform",
    "unicode/cldr",
  ]
  pruneopts = "UT"
  revision = "ceefd2213ed29504fff30155163c8f59827734f3"

[[projects]]
  digest = "1:c25289f43ac4a68d88b02245742347c94f1e108c534dda442188015ff80669b3"
  name = "google.golang.org/appengine"
  packages = ["cloudsql"]
  pruneopts = "UT"
  revision = "ae0ab99deb4dc413a2b4bd6c8bdd0eb67f1e4d06"
  version = "v1.2.0"

[solve-meta]
  analyzer-name = "dep"
  analyzer-version = 1
  input-imports = [
    "github.com/DisposaBoy/JsonConfigReader",
    "github.com/antchfx/xmlquery",
    "github.com/cenkalti/rpc2",
    "github.com/cenkalti/rpc2/jsonrpc",
    "github.com/cgrates/aringo",
    "github.com/cgrates/cgrates/agents",
    "github.com/cgrates/cgrates/apier/v1",
    "github.com/cgrates/cgrates/apier/v2",
    "github.com/cgrates/cgrates/cdrc",
    "github.com/cgrates/cgrates/config",
    "github.com/cgrates/cgrates/console",
    "github.com/cgrates/cgrates/dispatcher",
    "github.com/cgrates/cgrates/engine",
    "github.com/cgrates/cgrates/guardian",
    "github.com/cgrates/cgrates/loaders",
    "github.com/cgrates/cgrates/migrator",
    "github.com/cgrates/cgrates/scheduler",
    "github.com/cgrates/cgrates/servmanager",
    "github.com/cgrates/cgrates/sessions",
    "github.com/cgrates/cgrates/structmatcher",
    "github.com/cgrates/cgrates/utils",
    "github.com/cgrates/fsock",
    "github.com/cgrates/kamevapi",
    "github.com/cgrates/ltcache",
    "github.com/cgrates/mgo",
    "github.com/cgrates/mgo/bson",
    "github.com/cgrates/radigo",
    "github.com/cgrates/rpcclient",
    "github.com/fiorix/go-diameter/diam",
    "github.com/fiorix/go-diameter/diam/avp",
    "github.com/fiorix/go-diameter/diam/datatype",
    "github.com/fiorix/go-diameter/diam/dict",
    "github.com/fiorix/go-diameter/diam/sm",
    "github.com/fsnotify/fsnotify",
    "github.com/go-sql-driver/mysql",
    "github.com/gorhill/cronexpr",
    "github.com/jinzhu/gorm",
    "github.com/kr/pty",
    "github.com/lib/pq",
    "github.com/mediocregopher/radix.v2/pool",
    "github.com/mediocregopher/radix.v2/redis",
    "github.com/mediocregopher/radix.v2/sentinel",
    "github.com/mitchellh/mapstructure",
    "github.com/peterh/liner",
    "github.com/streadway/amqp",
    "github.com/ugorji/go/codec",
    "golang.org/x/net/websocket",
  ]
  solver-name = "gps-cdcl"
  solver-version = 1
